Microsoft Visual Studio Solution File, Format Version 12.00
# Visual Studio Version 17
VisualStudioVersion = 17.10.35013.160
MinimumVisualStudioVersion = 10.0.40219.1
Project("{9A19103F-16F7-4668-BE54-9A1E7A4F7556}") = "ProjectRechainedLauncher", "ProjectRechainedLauncher.csproj", "{5902F0C2-713E-4BF0-8037-5094AF55CEEB}"
EndProject
Global
	GlobalSection(SolutionConfigurationPlatforms) = preSolution
		Debug|Any CPU = Debug|Any CPU
		Release|Any CPU = Release|Any CPU
	EndGlobalSection
	GlobalSection(ProjectConfigurationPlatforms) = postSolution
		{5902F0C2-713E-4BF0-8037-5094AF55CEEB}.Debug|Any CPU.ActiveCfg = Debug|Any CPU
		{5902F0C2-713E-4BF0-8037-5094AF55CEEB}.Debug|Any CPU.Build.0 = Debug|Any CPU
		{5902F0C2-713E-4BF0-8037-5094AF55CEEB}.Release|Any CPU.ActiveCfg = Release|Any CPU
		{5902F0C2-713E-4BF0-8037-5094AF55CEEB}.Release|Any CPU.Build.0 = Release|Any CPU
	EndGlobalSection
	GlobalSection(SolutionProperties) = preSolution
		HideSolutionNode = FALSE
	EndGlobalSection
	GlobalSection(ExtensibilityGlobals) = postSolution
		SolutionGuid = {CDA9A273-8962-4D45-865D-05A895A7E77D}
	EndGlobalSection
EndGlobal
