
Microsoft Visual Studio Solution File, Format Version 12.00
# Visual Studio 15
VisualStudioVersion = 15.0.28307.572
MinimumVisualStudioVersion = 10.0.40219.1
Project("{FAE04EC0-301F-11D3-BF4B-00C04F79EFBC}") = "SingleplayerLauncher", "SingleplayerLauncher.csproj", "{5902F0C2-713E-4BF0-8037-5094AF55CEEB}"
EndProject
Global
	GlobalSection(SolutionConfigurationPlatforms) = preSolution
		Debug|Any CPU = Debug|Any CPU
		Release|Any CPU = Release|Any CPU
	EndGlobalSection
	GlobalSection(ProjectConfigurationPlatforms) = postSolution
		{5902F0C2-713E-4BF0-8037-5094AF55CEEB}.Debug|Any CPU.ActiveCfg = Debug|Any CPU
		{5902F0C2-713E-4BF0-8037-5094AF55CEEB}.Debug|Any CPU.Build.0 = Debug|Any CPU
		{5902F0C2-713E-4BF0-8037-5094AF55CEEB}.Release|Any CPU.ActiveCfg = Release|Any CPU
		{5902F0C2-713E-4BF0-8037-5094AF55CEEB}.Release|Any CPU.Build.0 = Release|Any CPU
	EndGlobalSection
	GlobalSection(SolutionProperties) = preSolution
		HideSolutionNode = FALSE
	EndGlobalSection
	GlobalSection(ExtensibilityGlobals) = postSolution
		SolutionGuid = {CDA9A273-8962-4D45-865D-05A895A7E77D}
	EndGlobalSection
EndGlobal
